
Microsoft Visual Studio Solution File, Format Version 12.00
# Visual Studio 2012
Project("{8BC9CEB8-8B4A-11D0-8D11-00A0C91BC942}") = "cross_compiler_call_exe", "cross_compiler_call_exe\cross_compiler_call_exe.vcxproj", "{95393D41-51B0-4140-91AE-9229FDF62578}"
EndProject
Global
	GlobalSection(SolutionConfigurationPlatforms) = preSolution
		Debug|Win32 = Debug|Win32
		Release|Win32 = Release|Win32
	EndGlobalSection
	GlobalSection(ProjectConfigurationPlatforms) = postSolution
		{95393D41-51B0-4140-91AE-9229FDF62578}.Debug|Win32.ActiveCfg = Debug|Win32
		{95393D41-51B0-4140-91AE-9229FDF62578}.Debug|Win32.Build.0 = Debug|Win32
		{95393D41-51B0-4140-91AE-9229FDF62578}.Release|Win32.ActiveCfg = Release|Win32
		{95393D41-51B0-4140-91AE-9229FDF62578}.Release|Win32.Build.0 = Release|Win32
	EndGlobalSection
	GlobalSection(SolutionProperties) = preSolution
		HideSolutionNode = FALSE
	EndGlobalSection
EndGlobal
