
Microsoft Visual Studio Solution File, Format Version 12.00
# Visual Studio 2012
Project("{8BC9CEB8-8B4A-11D0-8D11-00A0C91BC942}") = "cross_compiler_call_exe", "cross_compiler_call_exe\cross_compiler_call_exe.vcxproj", "{95393D41-51B0-4140-91AE-9229FDF62578}"
EndProject
Project("{8BC9CEB8-8B4A-11D0-8D11-00A0C91BC942}") = "cross_compiler_call_dll", "cross_compiler_call_dll\cross_compiler_call_dll.vcxproj", "{47E06A52-97BC-4474-9AFE-73DFC2C84589}"
EndProject
Project("{8BC9CEB8-8B4A-11D0-8D11-00A0C91BC942}") = "performance_timings", "performance_timings\performance_timings.vcxproj", "{65D8C1A6-80C8-44A9-8EB7-58698FE23B4C}"
EndProject
Project("{8BC9CEB8-8B4A-11D0-8D11-00A0C91BC942}") = "performance_timings_dll", "performance_timings_dll\performance_timings_dll.vcxproj", "{8543D4E8-6DCB-4DC2-9A16-F98F60526762}"
EndProject
Project("{8BC9CEB8-8B4A-11D0-8D11-00A0C91BC942}") = "unit_test_exe", "unit_test_exe\unit_test_exe.vcxproj", "{71145482-3BAF-4487-AE6C-E42AE85C6777}"
EndProject
Project("{8BC9CEB8-8B4A-11D0-8D11-00A0C91BC942}") = "unit_test_dll", "unit_test_dll\unit_test_dll.vcxproj", "{4769D6C8-B71B-4D6B-BF64-43DA40CA6613}"
EndProject
Project("{8BC9CEB8-8B4A-11D0-8D11-00A0C91BC942}") = "create_unknown_interface_with_uuid", "create_unknown_interface_with_uuid\create_unknown_interface_with_uuid.vcxproj", "{5BD313C0-4136-4E00-B8F1-25183ADDD40B}"
EndProject
Project("{8BC9CEB8-8B4A-11D0-8D11-00A0C91BC942}") = "simple_demo", "simple_demo\simple_demo.vcxproj", "{75E2D385-0A43-4D11-83E0-8942CE0DC209}"
EndProject
Project("{8BC9CEB8-8B4A-11D0-8D11-00A0C91BC942}") = "simple_demo_dll", "simple_demo_dll\simple_demo_dll.vcxproj", "{5734494F-6E6E-442D-863F-0387DFBD0B58}"
EndProject
Project("{8BC9CEB8-8B4A-11D0-8D11-00A0C91BC942}") = "generate_macros", "generate_macros\generate_macros.vcxproj", "{673197A7-28FF-4441-9DDD-459928A97F1E}"
EndProject
Global
	GlobalSection(SolutionConfigurationPlatforms) = preSolution
		Debug|Mixed Platforms = Debug|Mixed Platforms
		Debug|Win32 = Debug|Win32
		Debug|x64 = Debug|x64
		Release|Mixed Platforms = Release|Mixed Platforms
		Release|Win32 = Release|Win32
		Release|x64 = Release|x64
	EndGlobalSection
	GlobalSection(ProjectConfigurationPlatforms) = postSolution
		{95393D41-51B0-4140-91AE-9229FDF62578}.Debug|Mixed Platforms.ActiveCfg = Debug|Win32
		{95393D41-51B0-4140-91AE-9229FDF62578}.Debug|Mixed Platforms.Build.0 = Debug|Win32
		{95393D41-51B0-4140-91AE-9229FDF62578}.Debug|Win32.ActiveCfg = Debug|Win32
		{95393D41-51B0-4140-91AE-9229FDF62578}.Debug|Win32.Build.0 = Debug|Win32
		{95393D41-51B0-4140-91AE-9229FDF62578}.Debug|x64.ActiveCfg = Debug|x64
		{95393D41-51B0-4140-91AE-9229FDF62578}.Debug|x64.Build.0 = Debug|x64
		{95393D41-51B0-4140-91AE-9229FDF62578}.Release|Mixed Platforms.ActiveCfg = Release|Win32
		{95393D41-51B0-4140-91AE-9229FDF62578}.Release|Mixed Platforms.Build.0 = Release|Win32
		{95393D41-51B0-4140-91AE-9229FDF62578}.Release|Win32.ActiveCfg = Release|Win32
		{95393D41-51B0-4140-91AE-9229FDF62578}.Release|Win32.Build.0 = Release|Win32
		{95393D41-51B0-4140-91AE-9229FDF62578}.Release|x64.ActiveCfg = Release|x64
		{95393D41-51B0-4140-91AE-9229FDF62578}.Release|x64.Build.0 = Release|x64
		{47E06A52-97BC-4474-9AFE-73DFC2C84589}.Debug|Mixed Platforms.ActiveCfg = Debug|Win32
		{47E06A52-97BC-4474-9AFE-73DFC2C84589}.Debug|Mixed Platforms.Build.0 = Debug|Win32
		{47E06A52-97BC-4474-9AFE-73DFC2C84589}.Debug|Win32.ActiveCfg = Debug|Win32
		{47E06A52-97BC-4474-9AFE-73DFC2C84589}.Debug|Win32.Build.0 = Debug|Win32
		{47E06A52-97BC-4474-9AFE-73DFC2C84589}.Debug|x64.ActiveCfg = Debug|x64
		{47E06A52-97BC-4474-9AFE-73DFC2C84589}.Debug|x64.Build.0 = Debug|x64
		{47E06A52-97BC-4474-9AFE-73DFC2C84589}.Release|Mixed Platforms.ActiveCfg = Release|Win32
		{47E06A52-97BC-4474-9AFE-73DFC2C84589}.Release|Mixed Platforms.Build.0 = Release|Win32
		{47E06A52-97BC-4474-9AFE-73DFC2C84589}.Release|Win32.ActiveCfg = Release|Win32
		{47E06A52-97BC-4474-9AFE-73DFC2C84589}.Release|Win32.Build.0 = Release|Win32
		{47E06A52-97BC-4474-9AFE-73DFC2C84589}.Release|x64.ActiveCfg = Release|x64
		{47E06A52-97BC-4474-9AFE-73DFC2C84589}.Release|x64.Build.0 = Release|x64
		{65D8C1A6-80C8-44A9-8EB7-58698FE23B4C}.Debug|Mixed Platforms.ActiveCfg = Debug|Win32
		{65D8C1A6-80C8-44A9-8EB7-58698FE23B4C}.Debug|Mixed Platforms.Build.0 = Debug|Win32
		{65D8C1A6-80C8-44A9-8EB7-58698FE23B4C}.Debug|Win32.ActiveCfg = Debug|Win32
		{65D8C1A6-80C8-44A9-8EB7-58698FE23B4C}.Debug|Win32.Build.0 = Debug|Win32
		{65D8C1A6-80C8-44A9-8EB7-58698FE23B4C}.Debug|x64.ActiveCfg = Debug|x64
		{65D8C1A6-80C8-44A9-8EB7-58698FE23B4C}.Debug|x64.Build.0 = Debug|x64
		{65D8C1A6-80C8-44A9-8EB7-58698FE23B4C}.Release|Mixed Platforms.ActiveCfg = Release|Win32
		{65D8C1A6-80C8-44A9-8EB7-58698FE23B4C}.Release|Mixed Platforms.Build.0 = Release|Win32
		{65D8C1A6-80C8-44A9-8EB7-58698FE23B4C}.Release|Win32.ActiveCfg = Release|Win32
		{65D8C1A6-80C8-44A9-8EB7-58698FE23B4C}.Release|Win32.Build.0 = Release|Win32
		{65D8C1A6-80C8-44A9-8EB7-58698FE23B4C}.Release|x64.ActiveCfg = Release|x64
		{65D8C1A6-80C8-44A9-8EB7-58698FE23B4C}.Release|x64.Build.0 = Release|x64
		{8543D4E8-6DCB-4DC2-9A16-F98F60526762}.Debug|Mixed Platforms.ActiveCfg = Debug|Win32
		{8543D4E8-6DCB-4DC2-9A16-F98F60526762}.Debug|Mixed Platforms.Build.0 = Debug|Win32
		{8543D4E8-6DCB-4DC2-9A16-F98F60526762}.Debug|Win32.ActiveCfg = Debug|Win32
		{8543D4E8-6DCB-4DC2-9A16-F98F60526762}.Debug|Win32.Build.0 = Debug|Win32
		{8543D4E8-6DCB-4DC2-9A16-F98F60526762}.Debug|x64.ActiveCfg = Debug|x64
		{8543D4E8-6DCB-4DC2-9A16-F98F60526762}.Debug|x64.Build.0 = Debug|x64
		{8543D4E8-6DCB-4DC2-9A16-F98F60526762}.Release|Mixed Platforms.ActiveCfg = Release|Win32
		{8543D4E8-6DCB-4DC2-9A16-F98F60526762}.Release|Mixed Platforms.Build.0 = Release|Win32
		{8543D4E8-6DCB-4DC2-9A16-F98F60526762}.Release|Win32.ActiveCfg = Release|Win32
		{8543D4E8-6DCB-4DC2-9A16-F98F60526762}.Release|Win32.Build.0 = Release|Win32
		{8543D4E8-6DCB-4DC2-9A16-F98F60526762}.Release|x64.ActiveCfg = Release|x64
		{8543D4E8-6DCB-4DC2-9A16-F98F60526762}.Release|x64.Build.0 = Release|x64
		{71145482-3BAF-4487-AE6C-E42AE85C6777}.Debug|Mixed Platforms.ActiveCfg = Debug|Win32
		{71145482-3BAF-4487-AE6C-E42AE85C6777}.Debug|Mixed Platforms.Build.0 = Debug|Win32
		{71145482-3BAF-4487-AE6C-E42AE85C6777}.Debug|Win32.ActiveCfg = Debug|Win32
		{71145482-3BAF-4487-AE6C-E42AE85C6777}.Debug|Win32.Build.0 = Debug|Win32
		{71145482-3BAF-4487-AE6C-E42AE85C6777}.Debug|x64.ActiveCfg = Debug|x64
		{71145482-3BAF-4487-AE6C-E42AE85C6777}.Debug|x64.Build.0 = Debug|x64
		{71145482-3BAF-4487-AE6C-E42AE85C6777}.Release|Mixed Platforms.ActiveCfg = Release|Win32
		{71145482-3BAF-4487-AE6C-E42AE85C6777}.Release|Mixed Platforms.Build.0 = Release|Win32
		{71145482-3BAF-4487-AE6C-E42AE85C6777}.Release|Win32.ActiveCfg = Release|Win32
		{71145482-3BAF-4487-AE6C-E42AE85C6777}.Release|Win32.Build.0 = Release|Win32
		{71145482-3BAF-4487-AE6C-E42AE85C6777}.Release|x64.ActiveCfg = Release|x64
		{71145482-3BAF-4487-AE6C-E42AE85C6777}.Release|x64.Build.0 = Release|x64
		{4769D6C8-B71B-4D6B-BF64-43DA40CA6613}.Debug|Mixed Platforms.ActiveCfg = Debug|Win32
		{4769D6C8-B71B-4D6B-BF64-43DA40CA6613}.Debug|Mixed Platforms.Build.0 = Debug|Win32
		{4769D6C8-B71B-4D6B-BF64-43DA40CA6613}.Debug|Win32.ActiveCfg = Debug|Win32
		{4769D6C8-B71B-4D6B-BF64-43DA40CA6613}.Debug|Win32.Build.0 = Debug|Win32
		{4769D6C8-B71B-4D6B-BF64-43DA40CA6613}.Debug|x64.ActiveCfg = Debug|x64
		{4769D6C8-B71B-4D6B-BF64-43DA40CA6613}.Debug|x64.Build.0 = Debug|x64
		{4769D6C8-B71B-4D6B-BF64-43DA40CA6613}.Release|Mixed Platforms.ActiveCfg = Release|Win32
		{4769D6C8-B71B-4D6B-BF64-43DA40CA6613}.Release|Mixed Platforms.Build.0 = Release|Win32
		{4769D6C8-B71B-4D6B-BF64-43DA40CA6613}.Release|Win32.ActiveCfg = Release|Win32
		{4769D6C8-B71B-4D6B-BF64-43DA40CA6613}.Release|Win32.Build.0 = Release|Win32
		{4769D6C8-B71B-4D6B-BF64-43DA40CA6613}.Release|x64.ActiveCfg = Release|x64
		{4769D6C8-B71B-4D6B-BF64-43DA40CA6613}.Release|x64.Build.0 = Release|x64
		{5BD313C0-4136-4E00-B8F1-25183ADDD40B}.Debug|Mixed Platforms.ActiveCfg = Debug|Win32
		{5BD313C0-4136-4E00-B8F1-25183ADDD40B}.Debug|Mixed Platforms.Build.0 = Debug|Win32
		{5BD313C0-4136-4E00-B8F1-25183ADDD40B}.Debug|Win32.ActiveCfg = Debug|Win32
		{5BD313C0-4136-4E00-B8F1-25183ADDD40B}.Debug|Win32.Build.0 = Debug|Win32
		{5BD313C0-4136-4E00-B8F1-25183ADDD40B}.Debug|x64.ActiveCfg = Debug|x64
		{5BD313C0-4136-4E00-B8F1-25183ADDD40B}.Debug|x64.Build.0 = Debug|x64
		{5BD313C0-4136-4E00-B8F1-25183ADDD40B}.Release|Mixed Platforms.ActiveCfg = Release|Win32
		{5BD313C0-4136-4E00-B8F1-25183ADDD40B}.Release|Mixed Platforms.Build.0 = Release|Win32
		{5BD313C0-4136-4E00-B8F1-25183ADDD40B}.Release|Win32.ActiveCfg = Release|Win32
		{5BD313C0-4136-4E00-B8F1-25183ADDD40B}.Release|Win32.Build.0 = Release|Win32
		{5BD313C0-4136-4E00-B8F1-25183ADDD40B}.Release|x64.ActiveCfg = Release|x64
		{5BD313C0-4136-4E00-B8F1-25183ADDD40B}.Release|x64.Build.0 = Release|x64
		{75E2D385-0A43-4D11-83E0-8942CE0DC209}.Debug|Mixed Platforms.ActiveCfg = Debug|Win32
		{75E2D385-0A43-4D11-83E0-8942CE0DC209}.Debug|Mixed Platforms.Build.0 = Debug|Win32
		{75E2D385-0A43-4D11-83E0-8942CE0DC209}.Debug|Win32.ActiveCfg = Debug|Win32
		{75E2D385-0A43-4D11-83E0-8942CE0DC209}.Debug|Win32.Build.0 = Debug|Win32
		{75E2D385-0A43-4D11-83E0-8942CE0DC209}.Debug|x64.ActiveCfg = Debug|Win32
		{75E2D385-0A43-4D11-83E0-8942CE0DC209}.Release|Mixed Platforms.ActiveCfg = Release|Win32
		{75E2D385-0A43-4D11-83E0-8942CE0DC209}.Release|Mixed Platforms.Build.0 = Release|Win32
		{75E2D385-0A43-4D11-83E0-8942CE0DC209}.Release|Win32.ActiveCfg = Release|Win32
		{75E2D385-0A43-4D11-83E0-8942CE0DC209}.Release|Win32.Build.0 = Release|Win32
		{75E2D385-0A43-4D11-83E0-8942CE0DC209}.Release|x64.ActiveCfg = Release|Win32
		{5734494F-6E6E-442D-863F-0387DFBD0B58}.Debug|Mixed Platforms.ActiveCfg = Debug|Win32
		{5734494F-6E6E-442D-863F-0387DFBD0B58}.Debug|Mixed Platforms.Build.0 = Debug|Win32
		{5734494F-6E6E-442D-863F-0387DFBD0B58}.Debug|Win32.ActiveCfg = Debug|Win32
		{5734494F-6E6E-442D-863F-0387DFBD0B58}.Debug|Win32.Build.0 = Debug|Win32
		{5734494F-6E6E-442D-863F-0387DFBD0B58}.Debug|x64.ActiveCfg = Debug|Win32
		{5734494F-6E6E-442D-863F-0387DFBD0B58}.Release|Mixed Platforms.ActiveCfg = Release|Win32
		{5734494F-6E6E-442D-863F-0387DFBD0B58}.Release|Mixed Platforms.Build.0 = Release|Win32
		{5734494F-6E6E-442D-863F-0387DFBD0B58}.Release|Win32.ActiveCfg = Release|Win32
		{5734494F-6E6E-442D-863F-0387DFBD0B58}.Release|Win32.Build.0 = Release|Win32
		{5734494F-6E6E-442D-863F-0387DFBD0B58}.Release|x64.ActiveCfg = Release|Win32
		{673197A7-28FF-4441-9DDD-459928A97F1E}.Debug|Mixed Platforms.ActiveCfg = Debug|Win32
		{673197A7-28FF-4441-9DDD-459928A97F1E}.Debug|Mixed Platforms.Build.0 = Debug|Win32
		{673197A7-28FF-4441-9DDD-459928A97F1E}.Debug|Win32.ActiveCfg = Debug|Win32
		{673197A7-28FF-4441-9DDD-459928A97F1E}.Debug|Win32.Build.0 = Debug|Win32
		{673197A7-28FF-4441-9DDD-459928A97F1E}.Debug|x64.ActiveCfg = Debug|Win32
		{673197A7-28FF-4441-9DDD-459928A97F1E}.Release|Mixed Platforms.ActiveCfg = Release|Win32
		{673197A7-28FF-4441-9DDD-459928A97F1E}.Release|Mixed Platforms.Build.0 = Release|Win32
		{673197A7-28FF-4441-9DDD-459928A97F1E}.Release|Win32.ActiveCfg = Release|Win32
		{673197A7-28FF-4441-9DDD-459928A97F1E}.Release|Win32.Build.0 = Release|Win32
		{673197A7-28FF-4441-9DDD-459928A97F1E}.Release|x64.ActiveCfg = Release|Win32
	EndGlobalSection
	GlobalSection(SolutionProperties) = preSolution
		HideSolutionNode = FALSE
	EndGlobalSection
	GlobalSection(Performance) = preSolution
		HasPerformanceSessions = true
	EndGlobalSection
EndGlobal
